
Microsoft Visual Studio Solution File, Format Version 12.00
# Visual Studio Version 17
VisualStudioVersion = 17.11.35303.130
MinimumVisualStudioVersion = 10.0.40219.1
Project("{FAE04EC0-301F-11D3-BF4B-00C04F79EFBC}") = "TearscapeBot", "TearscapeBot\TearscapeBot.csproj", "{462080C0-D536-4A64-A9DE-78220E56C682}"
EndProject
Global
	GlobalSection(SolutionConfigurationPlatforms) = preSolution
		Debug|Any CPU = Debug|Any CPU
		Release|Any CPU = Release|Any CPU
	EndGlobalSection
	GlobalSection(ProjectConfigurationPlatforms) = postSolution
		{462080C0-D536-4A64-A9DE-78220E56C682}.Debug|Any CPU.ActiveCfg = Debug|Any CPU
		{462080C0-D536-4A64-A9DE-78220E56C682}.Debug|Any CPU.Build.0 = Debug|Any CPU
		{462080C0-D536-4A64-A9DE-78220E56C682}.Release|Any CPU.ActiveCfg = Release|Any CPU
		{462080C0-D536-4A64-A9DE-78220E56C682}.Release|Any CPU.Build.0 = Release|Any CPU
	EndGlobalSection
	GlobalSection(SolutionProperties) = preSolution
		HideSolutionNode = FALSE
	EndGlobalSection
	GlobalSection(ExtensibilityGlobals) = postSolution
		SolutionGuid = {443C3959-CAC9-47FE-AF12-77CE7A9F19A5}
	EndGlobalSection
EndGlobal
